<Solution>
  <Project Path="PollBuilder.API/PollBuilder.API.csproj" Id="e5f494e1-1054-4c5f-bc83-e6654adfa41f" />
  <Project Path="PollBuilder.Application/PollBuilder.Application.csproj" />
  <Project Path="PollBuilder.Domain/PollBuilder.Domain.csproj" />
  <Project Path="PollBuilder.Infrastructure/PollBuilder.Infrastructure.csproj" />
  <Project Path="PollBuilder.MVC/PollBuilder.MVC.csproj" />
</Solution>
