<Solution>
  <Project Path="PollBuilder.API/PollBuilder.API.csproj" Id="e5f494e1-1054-4c5f-bc83-e6654adfa41f" />
  <Project Path="PollBuilder.Application/PollBuilder.Application.csproj" />
  <Project Path="PollBuilder.Domain/PollBuilder.Domain.csproj" />
  <Project Path="PollBuilder.Infrastructure/PollBuilder.Infrastructure.csproj" />
  <Project Path="PollBuilder.MVC/PollBuilder.MVC.csproj" />
  <Project Path="PollBuilder.UnitTests/PollBuilder.UnitTests.csproj" Id="651e2a18-9701-4371-9189-38b7227df16b" />
</Solution>
